
Microsoft Visual Studio Solution File, Format Version 12.00
# Visual Studio 2013
VisualStudioVersion = 12.0.31101.0
MinimumVisualStudioVersion = 10.0.40219.1
Project("{FAE04EC0-301F-11D3-BF4B-00C04F79EFBC}") = "Bank", "Bank\Bank.csproj", "{0AC35865-52D5-4910-9842-B1D1EF7B20FF}"
EndProject
Global
	GlobalSection(SolutionConfigurationPlatforms) = preSolution
		Debug|Any CPU = Debug|Any CPU
		Debug|ARM = Debug|ARM
		Debug|x64 = Debug|x64
		Debug|x86 = Debug|x86
		Release|Any CPU = Release|Any CPU
		Release|ARM = Release|ARM
		Release|x64 = Release|x64
		Release|x86 = Release|x86
	EndGlobalSection
	GlobalSection(ProjectConfigurationPlatforms) = postSolution
		{0AC35865-52D5-4910-9842-B1D1EF7B20FF}.Debug|Any CPU.ActiveCfg = Debug|Any CPU
		{0AC35865-52D5-4910-9842-B1D1EF7B20FF}.Debug|Any CPU.Build.0 = Debug|Any CPU
		{0AC35865-52D5-4910-9842-B1D1EF7B20FF}.Debug|ARM.ActiveCfg = Debug|Any CPU
		{0AC35865-52D5-4910-9842-B1D1EF7B20FF}.Debug|x64.ActiveCfg = Debug|Any CPU
		{0AC35865-52D5-4910-9842-B1D1EF7B20FF}.Debug|x86.ActiveCfg = Debug|Any CPU
		{0AC35865-52D5-4910-9842-B1D1EF7B20FF}.Release|Any CPU.ActiveCfg = Release|Any CPU
		{0AC35865-52D5-4910-9842-B1D1EF7B20FF}.Release|Any CPU.Build.0 = Release|Any CPU
		{0AC35865-52D5-4910-9842-B1D1EF7B20FF}.Release|ARM.ActiveCfg = Release|Any CPU
		{0AC35865-52D5-4910-9842-B1D1EF7B20FF}.Release|x64.ActiveCfg = Release|Any CPU
		{0AC35865-52D5-4910-9842-B1D1EF7B20FF}.Release|x86.ActiveCfg = Release|Any CPU
	EndGlobalSection
	GlobalSection(SolutionProperties) = preSolution
		HideSolutionNode = FALSE
	EndGlobalSection
EndGlobal
